# This file is automatically @generated by Cargo.
# It is not intended for manual editing.
version = 4

[[package]]
name = "app"
version = "0.0.0"
dependencies = [
 "library",
]

[[package]]
name = "external_caller"
version = "0.0.0"
dependencies = [
 "external_trait",
]

[[package]]
name = "external_trait"
version = "0.0.0"

[[package]]
name = "library"
version = "0.0.0"
dependencies = [
 "external_caller",
 "external_trait",
]
