# This file is automatically @generated by Cargo.
# It is not intended for manual editing.
version = 4

[[package]]
name = "app"
version = "0.1.0"
dependencies = [
 "facade",
 "library",
 "macro-package",
 "undocumented-library",
]

[[package]]
name = "facade"
version = "0.1.0"
dependencies = [
 "library",
]

[[package]]
name = "library"
version = "0.1.0"

[[package]]
name = "macro-package"
version = "0.1.0"
dependencies = [
 "library",
]

[[package]]
name = "undocumented-library"
version = "0.1.0"
