# This file is automatically @generated by Cargo.
# It is not intended for manual editing.
version = 4

[[package]]
name = "app"
version = "0.1.0"
dependencies = [
 "library",
 "macro_dep",
]

[[package]]
name = "library"
version = "0.1.0"
dependencies = [
 "macro_dep",
]

[[package]]
name = "macro_dep"
version = "0.1.0"
